// !$*UTF8*$!
{
	archiveVersion = 1;
	classes = {
	};
	objectVersion = 56;
	objects = {

/* Begin PBXBuildFile section */
		ACB337632B8A972C007AC629 /* ToDoListApp.swift in Sources */ = {isa = PBXBuildFile; fileRef = ACB337622B8A972C007AC629 /* ToDoListApp.swift */; };
		ACB337652B8A972C007AC629 /* Main.swift in Sources */ = {isa = PBXBuildFile; fileRef = ACB337642B8A972C007AC629 /* Main.swift */; };
		ACB337672B8A972D007AC629 /* Assets.xcassets in Resources */ = {isa = PBXBuildFile; fileRef = ACB337662B8A972D007AC629 /* Assets.xcassets */; };
		ACB3376A2B8A972D007AC629 /* Preview Assets.xcassets in Resources */ = {isa = PBXBuildFile; fileRef = ACB337692B8A972D007AC629 /* Preview Assets.xcassets */; };
		ACB337722B8A98C3007AC629 /* FirebaseAnalytics in Frameworks */ = {isa = PBXBuildFile; productRef = ACB337712B8A98C3007AC629 /* FirebaseAnalytics */; };
		ACB337742B8A98C3007AC629 /* FirebaseAnalyticsOnDeviceConversion in Frameworks */ = {isa = PBXBuildFile; productRef = ACB337732B8A98C3007AC629 /* FirebaseAnalyticsOnDeviceConversion */; };
		ACB337762B8A98C3007AC629 /* FirebaseAnalyticsSwift in Frameworks */ = {isa = PBXBuildFile; productRef = ACB337752B8A98C3007AC629 /* FirebaseAnalyticsSwift */; };
		ACB337782B8A98C3007AC629 /* FirebaseAnalyticsWithoutAdIdSupport in Frameworks */ = {isa = PBXBuildFile; productRef = ACB337772B8A98C3007AC629 /* FirebaseAnalyticsWithoutAdIdSupport */; };
		ACB3377A2B8A98C3007AC629 /* FirebaseAppCheck in Frameworks */ = {isa = PBXBuildFile; productRef = ACB337792B8A98C3007AC629 /* FirebaseAppCheck */; };
		ACB3377E2B8A9CE0007AC629 /* GoogleService-Info.plist in Resources */ = {isa = PBXBuildFile; fileRef = ACB3377D2B8A9CE0007AC629 /* GoogleService-Info.plist */; };
		ACB337842B8AD689007AC629 /* LoginView.swift in Sources */ = {isa = PBXBuildFile; fileRef = ACB337832B8AD689007AC629 /* LoginView.swift */; };
		ACB337862B8AD699007AC629 /* SignUpView.swift in Sources */ = {isa = PBXBuildFile; fileRef = ACB337852B8AD699007AC629 /* SignUpView.swift */; };
		ACB337882B8AD6B2007AC629 /* AddTaskView.swift in Sources */ = {isa = PBXBuildFile; fileRef = ACB337872B8AD6B2007AC629 /* AddTaskView.swift */; };
		ACB3378A2B8AD6D0007AC629 /* ProfileView.swift in Sources */ = {isa = PBXBuildFile; fileRef = ACB337892B8AD6D0007AC629 /* ProfileView.swift */; };
		ACB3378C2B8AD6F5007AC629 /* ToDoListView.swift in Sources */ = {isa = PBXBuildFile; fileRef = ACB3378B2B8AD6F5007AC629 /* ToDoListView.swift */; };
/* End PBXBuildFile section */

/* Begin PBXFileReference section */
		ACB3375F2B8A972C007AC629 /* ToDoList.app */ = {isa = PBXFileReference; explicitFileType = wrapper.application; includeInIndex = 0; path = ToDoList.app; sourceTree = BUILT_PRODUCTS_DIR; };
		ACB337622B8A972C007AC629 /* ToDoListApp.swift */ = {isa = PBXFileReference; lastKnownFileType = sourcecode.swift; path = ToDoListApp.swift; sourceTree = "<group>"; };
		ACB337642B8A972C007AC629 /* Main.swift */ = {isa = PBXFileReference; lastKnownFileType = sourcecode.swift; path = Main.swift; sourceTree = "<group>"; };
		ACB337662B8A972D007AC629 /* Assets.xcassets */ = {isa = PBXFileReference; lastKnownFileType = folder.assetcatalog; path = Assets.xcassets; sourceTree = "<group>"; };
		ACB337692B8A972D007AC629 /* Preview Assets.xcassets */ = {isa = PBXFileReference; lastKnownFileType = folder.assetcatalog; path = "Preview Assets.xcassets"; sourceTree = "<group>"; };
		ACB3377D2B8A9CE0007AC629 /* GoogleService-Info.plist */ = {isa = PBXFileReference; fileEncoding = 4; lastKnownFileType = text.plist.xml; path = "GoogleService-Info.plist"; sourceTree = "<group>"; };
		ACB337832B8AD689007AC629 /* LoginView.swift */ = {isa = PBXFileReference; lastKnownFileType = sourcecode.swift; path = LoginView.swift; sourceTree = "<group>"; };
		ACB337852B8AD699007AC629 /* SignUpView.swift */ = {isa = PBXFileReference; lastKnownFileType = sourcecode.swift; path = SignUpView.swift; sourceTree = "<group>"; };
		ACB337872B8AD6B2007AC629 /* AddTaskView.swift */ = {isa = PBXFileReference; lastKnownFileType = sourcecode.swift; path = AddTaskView.swift; sourceTree = "<group>"; };
		ACB337892B8AD6D0007AC629 /* ProfileView.swift */ = {isa = PBXFileReference; lastKnownFileType = sourcecode.swift; path = ProfileView.swift; sourceTree = "<group>"; };
		ACB3378B2B8AD6F5007AC629 /* ToDoListView.swift */ = {isa = PBXFileReference; lastKnownFileType = sourcecode.swift; path = ToDoListView.swift; sourceTree = "<group>"; };
/* End PBXFileReference section */

/* Begin PBXFrameworksBuildPhase section */
		ACB3375C2B8A972C007AC629 /* Frameworks */ = {
			isa = PBXFrameworksBuildPhase;
			buildActionMask = 2147483647;
			files = (
				ACB337762B8A98C3007AC629 /* FirebaseAnalyticsSwift in Frameworks */,
				ACB337722B8A98C3007AC629 /* FirebaseAnalytics in Frameworks */,
				ACB337742B8A98C3007AC629 /* FirebaseAnalyticsOnDeviceConversion in Frameworks */,
				ACB3377A2B8A98C3007AC629 /* FirebaseAppCheck in Frameworks */,
				ACB337782B8A98C3007AC629 /* FirebaseAnalyticsWithoutAdIdSupport in Frameworks */,
			);
			runOnlyForDeploymentPostprocessing = 0;
		};
/* End PBXFrameworksBuildPhase section */

/* Begin PBXGroup section */
		ACB337562B8A972C007AC629 = {
			isa = PBXGroup;
			children = (
				ACB337612B8A972C007AC629 /* ToDoList */,
				ACB337602B8A972C007AC629 /* Products */,
			);
			sourceTree = "<group>";
		};
		ACB337602B8A972C007AC629 /* Products */ = {
			isa = PBXGroup;
			children = (
				ACB3375F2B8A972C007AC629 /* ToDoList.app */,
			);
			name = Products;
			sourceTree = "<group>";
		};
		ACB337612B8A972C007AC629 /* ToDoList */ = {
			isa = PBXGroup;
			children = (
				ACB337822B8AAF48007AC629 /* Other */,
				ACB337812B8AAF36007AC629 /* Models */,
				ACB337802B8AAF2E007AC629 /* ViewModels */,
				ACB3377F2B8AAF18007AC629 /* Views */,
				ACB337622B8A972C007AC629 /* ToDoListApp.swift */,
				ACB337682B8A972D007AC629 /* Preview Content */,
			);
			path = ToDoList;
			sourceTree = "<group>";
		};
		ACB337682B8A972D007AC629 /* Preview Content */ = {
			isa = PBXGroup;
			children = (
				ACB337692B8A972D007AC629 /* Preview Assets.xcassets */,
			);
			path = "Preview Content";
			sourceTree = "<group>";
		};
		ACB3377F2B8AAF18007AC629 /* Views */ = {
			isa = PBXGroup;
			children = (
				ACB337642B8A972C007AC629 /* Main.swift */,
				ACB337832B8AD689007AC629 /* LoginView.swift */,
				ACB337852B8AD699007AC629 /* SignUpView.swift */,
				ACB337872B8AD6B2007AC629 /* AddTaskView.swift */,
				ACB337892B8AD6D0007AC629 /* ProfileView.swift */,
				ACB3378B2B8AD6F5007AC629 /* ToDoListView.swift */,
			);
			path = Views;
			sourceTree = "<group>";
		};
		ACB337802B8AAF2E007AC629 /* ViewModels */ = {
			isa = PBXGroup;
			children = (
			);
			path = ViewModels;
			sourceTree = "<group>";
		};
		ACB337812B8AAF36007AC629 /* Models */ = {
			isa = PBXGroup;
			children = (
			);
			path = Models;
			sourceTree = "<group>";
		};
		ACB337822B8AAF48007AC629 /* Other */ = {
			isa = PBXGroup;
			children = (
				ACB3377D2B8A9CE0007AC629 /* GoogleService-Info.plist */,
				ACB337662B8A972D007AC629 /* Assets.xcassets */,
			);
			path = Other;
			sourceTree = "<group>";
		};
/* End PBXGroup section */

/* Begin PBXNativeTarget section */
		ACB3375E2B8A972C007AC629 /* ToDoList */ = {
			isa = PBXNativeTarget;
			buildConfigurationList = ACB3376D2B8A972D007AC629 /* Build configuration list for PBXNativeTarget "ToDoList" */;
			buildPhases = (
				ACB3375B2B8A972C007AC629 /* Sources */,
				ACB3375C2B8A972C007AC629 /* Frameworks */,
				ACB3375D2B8A972C007AC629 /* Resources */,
			);
			buildRules = (
			);
			dependencies = (
			);
			name = ToDoList;
			packageProductDependencies = (
				ACB337712B8A98C3007AC629 /* FirebaseAnalytics */,
				ACB337732B8A98C3007AC629 /* FirebaseAnalyticsOnDeviceConversion */,
				ACB337752B8A98C3007AC629 /* FirebaseAnalyticsSwift */,
				ACB337772B8A98C3007AC629 /* FirebaseAnalyticsWithoutAdIdSupport */,
				ACB337792B8A98C3007AC629 /* FirebaseAppCheck */,
			);
			productName = ToDoList;
			productReference = ACB3375F2B8A972C007AC629 /* ToDoList.app */;
			productType = "com.apple.product-type.application";
		};
/* End PBXNativeTarget section */

/* Begin PBXProject section */
		ACB337572B8A972C007AC629 /* Project object */ = {
			isa = PBXProject;
			attributes = {
				BuildIndependentTargetsInParallel = 1;
				LastSwiftUpdateCheck = 1520;
				LastUpgradeCheck = 1520;
				TargetAttributes = {
					ACB3375E2B8A972C007AC629 = {
						CreatedOnToolsVersion = 15.2;
					};
				};
			};
			buildConfigurationList = ACB3375A2B8A972C007AC629 /* Build configuration list for PBXProject "ToDoList" */;
			compatibilityVersion = "Xcode 14.0";
			developmentRegion = en;
			hasScannedForEncodings = 0;
			knownRegions = (
				en,
				Base,
			);
			mainGroup = ACB337562B8A972C007AC629;
			packageReferences = (
				ACB337702B8A98C3007AC629 /* XCRemoteSwiftPackageReference "firebase-ios-sdk" */,
			);
			productRefGroup = ACB337602B8A972C007AC629 /* Products */;
			projectDirPath = "";
			projectRoot = "";
			targets = (
				ACB3375E2B8A972C007AC629 /* ToDoList */,
			);
		};
/* End PBXProject section */

/* Begin PBXResourcesBuildPhase section */
		ACB3375D2B8A972C007AC629 /* Resources */ = {
			isa = PBXResourcesBuildPhase;
			buildActionMask = 2147483647;
			files = (
				ACB3376A2B8A972D007AC629 /* Preview Assets.xcassets in Resources */,
				ACB337672B8A972D007AC629 /* Assets.xcassets in Resources */,
				ACB3377E2B8A9CE0007AC629 /* GoogleService-Info.plist in Resources */,
			);
			runOnlyForDeploymentPostprocessing = 0;
		};
/* End PBXResourcesBuildPhase section */

/* Begin PBXSourcesBuildPhase section */
		ACB3375B2B8A972C007AC629 /* Sources */ = {
			isa = PBXSourcesBuildPhase;
			buildActionMask = 2147483647;
			files = (
				ACB337862B8AD699007AC629 /* SignUpView.swift in Sources */,
				ACB337882B8AD6B2007AC629 /* AddTaskView.swift in Sources */,
				ACB3378C2B8AD6F5007AC629 /* ToDoListView.swift in Sources */,
				ACB337842B8AD689007AC629 /* LoginView.swift in Sources */,
				ACB337652B8A972C007AC629 /* Main.swift in Sources */,
				ACB3378A2B8AD6D0007AC629 /* ProfileView.swift in Sources */,
				ACB337632B8A972C007AC629 /* ToDoListApp.swift in Sources */,
			);
			runOnlyForDeploymentPostprocessing = 0;
		};
/* End PBXSourcesBuildPhase section */

/* Begin XCBuildConfiguration section */
		ACB3376B2B8A972D007AC629 /* Debug */ = {
			isa = XCBuildConfiguration;
			buildSettings = {
				ALWAYS_SEARCH_USER_PATHS = NO;
				ASSETCATALOG_COMPILER_GENERATE_SWIFT_ASSET_SYMBOL_EXTENSIONS = YES;
				CLANG_ANALYZER_NONNULL = YES;
				CLANG_ANALYZER_NUMBER_OBJECT_CONVERSION = YES_AGGRESSIVE;
				CLANG_CXX_LANGUAGE_STANDARD = "gnu++20";
				CLANG_ENABLE_MODULES = YES;
				CLANG_ENABLE_OBJC_ARC = YES;
				CLANG_ENABLE_OBJC_WEAK = YES;
				CLANG_WARN_BLOCK_CAPTURE_AUTORELEASING = YES;
				CLANG_WARN_BOOL_CONVERSION = YES;
				CLANG_WARN_COMMA = YES;
				CLANG_WARN_CONSTANT_CONVERSION = YES;
				CLANG_WARN_DEPRECATED_OBJC_IMPLEMENTATIONS = YES;
				CLANG_WARN_DIRECT_OBJC_ISA_USAGE = YES_ERROR;
				CLANG_WARN_DOCUMENTATION_COMMENTS = YES;
				CLANG_WARN_EMPTY_BODY = YES;
				CLANG_WARN_ENUM_CONVERSION = YES;
				CLANG_WARN_INFINITE_RECURSION = YES;
				CLANG_WARN_INT_CONVERSION = YES;
				CLANG_WARN_NON_LITERAL_NULL_CONVERSION = YES;
				CLANG_WARN_OBJC_IMPLICIT_RETAIN_SELF = YES;
				CLANG_WARN_OBJC_LITERAL_CONVERSION = YES;
				CLANG_WARN_OBJC_ROOT_CLASS = YES_ERROR;
				CLANG_WARN_QUOTED_INCLUDE_IN_FRAMEWORK_HEADER = YES;
				CLANG_WARN_RANGE_LOOP_ANALYSIS = YES;
				CLANG_WARN_STRICT_PROTOTYPES = YES;
				CLANG_WARN_SUSPICIOUS_MOVE = YES;
				CLANG_WARN_UNGUARDED_AVAILABILITY = YES_AGGRESSIVE;
				CLANG_WARN_UNREACHABLE_CODE = YES;
				CLANG_WARN__DUPLICATE_METHOD_MATCH = YES;
				COPY_PHASE_STRIP = NO;
				DEBUG_INFORMATION_FORMAT = dwarf;
				ENABLE_STRICT_OBJC_MSGSEND = YES;
				ENABLE_TESTABILITY = YES;
				ENABLE_USER_SCRIPT_SANDBOXING = YES;
				GCC_C_LANGUAGE_STANDARD = gnu17;
				GCC_DYNAMIC_NO_PIC = NO;
				GCC_NO_COMMON_BLOCKS = YES;
				GCC_OPTIMIZATION_LEVEL = 0;
				GCC_PREPROCESSOR_DEFINITIONS = (
					"DEBUG=1",
					"$(inherited)",
				);
				GCC_WARN_64_TO_32_BIT_CONVERSION = YES;
				GCC_WARN_ABOUT_RETURN_TYPE = YES_ERROR;
				GCC_WARN_UNDECLARED_SELECTOR = YES;
				GCC_WARN_UNINITIALIZED_AUTOS = YES_AGGRESSIVE;
				GCC_WARN_UNUSED_FUNCTION = YES;
				GCC_WARN_UNUSED_VARIABLE = YES;
				IPHONEOS_DEPLOYMENT_TARGET = 17.2;
				LOCALIZATION_PREFERS_STRING_CATALOGS = YES;
				MTL_ENABLE_DEBUG_INFO = INCLUDE_SOURCE;
				MTL_FAST_MATH = YES;
				ONLY_ACTIVE_ARCH = YES;
				SDKROOT = iphoneos;
				SWIFT_ACTIVE_COMPILATION_CONDITIONS = "DEBUG $(inherited)";
				SWIFT_OPTIMIZATION_LEVEL = "-Onone";
			};
			name = Debug;
		};
		ACB3376C2B8A972D007AC629 /* Release */ = {
			isa = XCBuildConfiguration;
			buildSettings = {
				ALWAYS_SEARCH_USER_PATHS = NO;
				ASSETCATALOG_COMPILER_GENERATE_SWIFT_ASSET_SYMBOL_EXTENSIONS = YES;
				CLANG_ANALYZER_NONNULL = YES;
				CLANG_ANALYZER_NUMBER_OBJECT_CONVERSION = YES_AGGRESSIVE;
				CLANG_CXX_LANGUAGE_STANDARD = "gnu++20";
				CLANG_ENABLE_MODULES = YES;
				CLANG_ENABLE_OBJC_ARC = YES;
				CLANG_ENABLE_OBJC_WEAK = YES;
				CLANG_WARN_BLOCK_CAPTURE_AUTORELEASING = YES;
				CLANG_WARN_BOOL_CONVERSION = YES;
				CLANG_WARN_COMMA = YES;
				CLANG_WARN_CONSTANT_CONVERSION = YES;
				CLANG_WARN_DEPRECATED_OBJC_IMPLEMENTATIONS = YES;
				CLANG_WARN_DIRECT_OBJC_ISA_USAGE = YES_ERROR;
				CLANG_WARN_DOCUMENTATION_COMMENTS = YES;
				CLANG_WARN_EMPTY_BODY = YES;
				CLANG_WARN_ENUM_CONVERSION = YES;
				CLANG_WARN_INFINITE_RECURSION = YES;
				CLANG_WARN_INT_CONVERSION = YES;
				CLANG_WARN_NON_LITERAL_NULL_CONVERSION = YES;
				CLANG_WARN_OBJC_IMPLICIT_RETAIN_SELF = YES;
				CLANG_WARN_OBJC_LITERAL_CONVERSION = YES;
				CLANG_WARN_OBJC_ROOT_CLASS = YES_ERROR;
				CLANG_WARN_QUOTED_INCLUDE_IN_FRAMEWORK_HEADER = YES;
				CLANG_WARN_RANGE_LOOP_ANALYSIS = YES;
				CLANG_WARN_STRICT_PROTOTYPES = YES;
				CLANG_WARN_SUSPICIOUS_MOVE = YES;
				CLANG_WARN_UNGUARDED_AVAILABILITY = YES_AGGRESSIVE;
				CLANG_WARN_UNREACHABLE_CODE = YES;
				CLANG_WARN__DUPLICATE_METHOD_MATCH = YES;
				COPY_PHASE_STRIP = NO;
				DEBUG_INFORMATION_FORMAT = "dwarf-with-dsym";
				ENABLE_NS_ASSERTIONS = NO;
				ENABLE_STRICT_OBJC_MSGSEND = YES;
				ENABLE_USER_SCRIPT_SANDBOXING = YES;
				GCC_C_LANGUAGE_STANDARD = gnu17;
				GCC_NO_COMMON_BLOCKS = YES;
				GCC_WARN_64_TO_32_BIT_CONVERSION = YES;
				GCC_WARN_ABOUT_RETURN_TYPE = YES_ERROR;
				GCC_WARN_UNDECLARED_SELECTOR = YES;
				GCC_WARN_UNINITIALIZED_AUTOS = YES_AGGRESSIVE;
				GCC_WARN_UNUSED_FUNCTION = YES;
				GCC_WARN_UNUSED_VARIABLE = YES;
				IPHONEOS_DEPLOYMENT_TARGET = 17.2;
				LOCALIZATION_PREFERS_STRING_CATALOGS = YES;
				MTL_ENABLE_DEBUG_INFO = NO;
				MTL_FAST_MATH = YES;
				SDKROOT = iphoneos;
				SWIFT_COMPILATION_MODE = wholemodule;
				VALIDATE_PRODUCT = YES;
			};
			name = Release;
		};
		ACB3376E2B8A972D007AC629 /* Debug */ = {
			isa = XCBuildConfiguration;
			buildSettings = {
				ASSETCATALOG_COMPILER_APPICON_NAME = AppIcon;
				ASSETCATALOG_COMPILER_GLOBAL_ACCENT_COLOR_NAME = AccentColor;
				CODE_SIGN_STYLE = Automatic;
				CURRENT_PROJECT_VERSION = 1;
				DEVELOPMENT_ASSET_PATHS = "\"ToDoList/Preview Content\"";
				DEVELOPMENT_TEAM = 47NCG2QN67;
				ENABLE_PREVIEWS = YES;
				GENERATE_INFOPLIST_FILE = YES;
				INFOPLIST_KEY_UIApplicationSceneManifest_Generation = YES;
				INFOPLIST_KEY_UIApplicationSupportsIndirectInputEvents = YES;
				INFOPLIST_KEY_UILaunchScreen_Generation = YES;
				INFOPLIST_KEY_UISupportedInterfaceOrientations = UIInterfaceOrientationPortrait;
				LD_RUNPATH_SEARCH_PATHS = (
					"$(inherited)",
					"@executable_path/Frameworks",
				);
				MARKETING_VERSION = 1.0;
				PRODUCT_BUNDLE_IDENTIFIER = com.dpatel.ToDoList;
				PRODUCT_NAME = "$(TARGET_NAME)";
				SWIFT_EMIT_LOC_STRINGS = YES;
				SWIFT_VERSION = 5.0;
				TARGETED_DEVICE_FAMILY = "1,2";
			};
			name = Debug;
		};
		ACB3376F2B8A972D007AC629 /* Release */ = {
			isa = XCBuildConfiguration;
			buildSettings = {
				ASSETCATALOG_COMPILER_APPICON_NAME = AppIcon;
				ASSETCATALOG_COMPILER_GLOBAL_ACCENT_COLOR_NAME = AccentColor;
				CODE_SIGN_STYLE = Automatic;
				CURRENT_PROJECT_VERSION = 1;
				DEVELOPMENT_ASSET_PATHS = "\"ToDoList/Preview Content\"";
				DEVELOPMENT_TEAM = 47NCG2QN67;
				ENABLE_PREVIEWS = YES;
				GENERATE_INFOPLIST_FILE = YES;
				INFOPLIST_KEY_UIApplicationSceneManifest_Generation = YES;
				INFOPLIST_KEY_UIApplicationSupportsIndirectInputEvents = YES;
				INFOPLIST_KEY_UILaunchScreen_Generation = YES;
				INFOPLIST_KEY_UISupportedInterfaceOrientations = UIInterfaceOrientationPortrait;
				LD_RUNPATH_SEARCH_PATHS = (
					"$(inherited)",
					"@executable_path/Frameworks",
				);
				MARKETING_VERSION = 1.0;
				PRODUCT_BUNDLE_IDENTIFIER = com.dpatel.ToDoList;
				PRODUCT_NAME = "$(TARGET_NAME)";
				SWIFT_EMIT_LOC_STRINGS = YES;
				SWIFT_VERSION = 5.0;
				TARGETED_DEVICE_FAMILY = "1,2";
			};
			name = Release;
		};
/* End XCBuildConfiguration section */

/* Begin XCConfigurationList section */
		ACB3375A2B8A972C007AC629 /* Build configuration list for PBXProject "ToDoList" */ = {
			isa = XCConfigurationList;
			buildConfigurations = (
				ACB3376B2B8A972D007AC629 /* Debug */,
				ACB3376C2B8A972D007AC629 /* Release */,
			);
			defaultConfigurationIsVisible = 0;
			defaultConfigurationName = Release;
		};
		ACB3376D2B8A972D007AC629 /* Build configuration list for PBXNativeTarget "ToDoList" */ = {
			isa = XCConfigurationList;
			buildConfigurations = (
				ACB3376E2B8A972D007AC629 /* Debug */,
				ACB3376F2B8A972D007AC629 /* Release */,
			);
			defaultConfigurationIsVisible = 0;
			defaultConfigurationName = Release;
		};
/* End XCConfigurationList section */

/* Begin XCRemoteSwiftPackageReference section */
		ACB337702B8A98C3007AC629 /* XCRemoteSwiftPackageReference "firebase-ios-sdk" */ = {
			isa = XCRemoteSwiftPackageReference;
			repositoryURL = "https://github.com/firebase/firebase-ios-sdk";
			requirement = {
				kind = upToNextMajorVersion;
				minimumVersion = 10.21.0;
			};
		};
/* End XCRemoteSwiftPackageReference section */

/* Begin XCSwiftPackageProductDependency section */
		ACB337712B8A98C3007AC629 /* FirebaseAnalytics */ = {
			isa = XCSwiftPackageProductDependency;
			package = ACB337702B8A98C3007AC629 /* XCRemoteSwiftPackageReference "firebase-ios-sdk" */;
			productName = FirebaseAnalytics;
		};
		ACB337732B8A98C3007AC629 /* FirebaseAnalyticsOnDeviceConversion */ = {
			isa = XCSwiftPackageProductDependency;
			package = ACB337702B8A98C3007AC629 /* XCRemoteSwiftPackageReference "firebase-ios-sdk" */;
			productName = FirebaseAnalyticsOnDeviceConversion;
		};
		ACB337752B8A98C3007AC629 /* FirebaseAnalyticsSwift */ = {
			isa = XCSwiftPackageProductDependency;
			package = ACB337702B8A98C3007AC629 /* XCRemoteSwiftPackageReference "firebase-ios-sdk" */;
			productName = FirebaseAnalyticsSwift;
		};
		ACB337772B8A98C3007AC629 /* FirebaseAnalyticsWithoutAdIdSupport */ = {
			isa = XCSwiftPackageProductDependency;
			package = ACB337702B8A98C3007AC629 /* XCRemoteSwiftPackageReference "firebase-ios-sdk" */;
			productName = FirebaseAnalyticsWithoutAdIdSupport;
		};
		ACB337792B8A98C3007AC629 /* FirebaseAppCheck */ = {
			isa = XCSwiftPackageProductDependency;
			package = ACB337702B8A98C3007AC629 /* XCRemoteSwiftPackageReference "firebase-ios-sdk" */;
			productName = FirebaseAppCheck;
		};
/* End XCSwiftPackageProductDependency section */
	};
	rootObject = ACB337572B8A972C007AC629 /* Project object */;
}
